
Microsoft Visual Studio Solution File, Format Version 12.00
# Visual Studio Version 17
VisualStudioVersion = 17.10.34928.147
MinimumVisualStudioVersion = 10.0.40219.1
Project("{9A19103F-16F7-4668-BE54-9A1E7A4F7556}") = "BMSKneeboarder", "BMSKneeboarder\BMSKneeboarder.csproj", "{D0648E05-A42E-49F9-AED1-0741A1890104}"
EndProject
Project("{9A19103F-16F7-4668-BE54-9A1E7A4F7556}") = "BCnEncoder", "BCnEnc.Net\BCnEncoder.csproj", "{5804DC89-7D3A-48D9-988D-EC9678F65E65}"
EndProject
Global
	GlobalSection(SolutionConfigurationPlatforms) = preSolution
		Debug|Any CPU = Debug|Any CPU
		Debug|x64 = Debug|x64
		Release|Any CPU = Release|Any CPU
		Release|x64 = Release|x64
	EndGlobalSection
	GlobalSection(ProjectConfigurationPlatforms) = postSolution
		{D0648E05-A42E-49F9-AED1-0741A1890104}.Debug|Any CPU.ActiveCfg = Debug|Any CPU
		{D0648E05-A42E-49F9-AED1-0741A1890104}.Debug|Any CPU.Build.0 = Debug|Any CPU
		{D0648E05-A42E-49F9-AED1-0741A1890104}.Debug|x64.ActiveCfg = Debug|x64
		{D0648E05-A42E-49F9-AED1-0741A1890104}.Debug|x64.Build.0 = Debug|x64
		{D0648E05-A42E-49F9-AED1-0741A1890104}.Release|Any CPU.ActiveCfg = Release|Any CPU
		{D0648E05-A42E-49F9-AED1-0741A1890104}.Release|Any CPU.Build.0 = Release|Any CPU
		{D0648E05-A42E-49F9-AED1-0741A1890104}.Release|x64.ActiveCfg = Release|x64
		{D0648E05-A42E-49F9-AED1-0741A1890104}.Release|x64.Build.0 = Release|x64
		{5804DC89-7D3A-48D9-988D-EC9678F65E65}.Debug|Any CPU.ActiveCfg = Debug|Any CPU
		{5804DC89-7D3A-48D9-988D-EC9678F65E65}.Debug|Any CPU.Build.0 = Debug|Any CPU
		{5804DC89-7D3A-48D9-988D-EC9678F65E65}.Debug|x64.ActiveCfg = Debug|x64
		{5804DC89-7D3A-48D9-988D-EC9678F65E65}.Debug|x64.Build.0 = Debug|x64
		{5804DC89-7D3A-48D9-988D-EC9678F65E65}.Release|Any CPU.ActiveCfg = Release|Any CPU
		{5804DC89-7D3A-48D9-988D-EC9678F65E65}.Release|Any CPU.Build.0 = Release|Any CPU
		{5804DC89-7D3A-48D9-988D-EC9678F65E65}.Release|x64.ActiveCfg = Release|x64
		{5804DC89-7D3A-48D9-988D-EC9678F65E65}.Release|x64.Build.0 = Release|x64
	EndGlobalSection
	GlobalSection(SolutionProperties) = preSolution
		HideSolutionNode = FALSE
	EndGlobalSection
	GlobalSection(ExtensibilityGlobals) = postSolution
		SolutionGuid = {3652838A-724F-4DCF-9493-F5B192FC848D}
	EndGlobalSection
EndGlobal
